
Microsoft Visual Studio Solution File, Format Version 12.00
# Visual Studio 15
VisualStudioVersion = 15.0.28010.2050
MinimumVisualStudioVersion = 10.0.40219.1
Project("{FAE04EC0-301F-11D3-BF4B-00C04F79EFBC}") = "HospiDate", "HospiDate\HospiDate.csproj", "{FF697E35-FB01-4379-BEBE-F62352D39275}"
EndProject
Global
	GlobalSection(SolutionConfigurationPlatforms) = preSolution
		Debug|Any CPU = Debug|Any CPU
		Release|Any CPU = Release|Any CPU
	EndGlobalSection
	GlobalSection(ProjectConfigurationPlatforms) = postSolution
		{FF697E35-FB01-4379-BEBE-F62352D39275}.Debug|Any CPU.ActiveCfg = Debug|Any CPU
		{FF697E35-FB01-4379-BEBE-F62352D39275}.Debug|Any CPU.Build.0 = Debug|Any CPU
		{FF697E35-FB01-4379-BEBE-F62352D39275}.Release|Any CPU.ActiveCfg = Release|Any CPU
		{FF697E35-FB01-4379-BEBE-F62352D39275}.Release|Any CPU.Build.0 = Release|Any CPU
	EndGlobalSection
	GlobalSection(SolutionProperties) = preSolution
		HideSolutionNode = FALSE
	EndGlobalSection
	GlobalSection(ExtensibilityGlobals) = postSolution
		SolutionGuid = {5B80358D-FAF4-4688-AC6D-C5431A7F08D5}
	EndGlobalSection
EndGlobal
